// !$*UTF8*$!
{
	archiveVersion = 1;
	classes = {
	};
	objectVersion = 46;
	objects = {

/* Begin PBXBuildFile section */
		76EE473D1F569EC10054271E /* main.m in Sources */ = {isa = PBXBuildFile; fileRef = 76EE473C1F569EC10054271E /* main.m */; };
/* End PBXBuildFile section */

/* Begin PBXCopyFilesBuildPhase section */
		76EE47371F569EC10054271E /* CopyFiles */ = {
			isa = PBXCopyFilesBuildPhase;
			buildActionMask = 2147483647;
			dstPath = /usr/share/man/man1/;
			dstSubfolderSpec = 0;
			files = (
			);
			runOnlyForDeploymentPostprocessing = 1;
		};
/* End PBXCopyFilesBuildPhase section */

/* Begin PBXFileReference section */
		76EE47391F569EC10054271E /* sdwx-pc-js */ = {isa = PBXFileReference; explicitFileType = "compiled.mach-o.executable"; includeInIndex = 0; path = "sdwx-pc-js"; sourceTree = BUILT_PRODUCTS_DIR; };
		76EE473C1F569EC10054271E /* main.m */ = {isa = PBXFileReference; lastKnownFileType = sourcecode.c.objc; path = main.m; sourceTree = "<group>"; };
		76EE47431F569EE10054271E /* sdjgwx.js */ = {isa = PBXFileReference; lastKnownFileType = sourcecode.javascript; path = sdjgwx.js; sourceTree = "<group>"; };
/* End PBXFileReference section */

/* Begin PBXFrameworksBuildPhase section */
		76EE47361F569EC10054271E /* Frameworks */ = {
			isa = PBXFrameworksBuildPhase;
			buildActionMask = 2147483647;
			files = (
			);
			runOnlyForDeploymentPostprocessing = 0;
		};
/* End PBXFrameworksBuildPhase section */

/* Begin PBXGroup section */
		76EE47301F569EC10054271E = {
			isa = PBXGroup;
			children = (
				76EE473B1F569EC10054271E /* sdwx-pc-js */,
				76EE473A1F569EC10054271E /* Products */,
			);
			sourceTree = "<group>";
		};
		76EE473A1F569EC10054271E /* Products */ = {
			isa = PBXGroup;
			children = (
				76EE47391F569EC10054271E /* sdwx-pc-js */,
			);
			name = Products;
			sourceTree = "<group>";
		};
		76EE473B1F569EC10054271E /* sdwx-pc-js */ = {
			isa = PBXGroup;
			children = (
				76EE47431F569EE10054271E /* sdjgwx.js */,
				76EE473C1F569EC10054271E /* main.m */,
			);
			path = "sdwx-pc-js";
			sourceTree = "<group>";
		};
/* End PBXGroup section */

/* Begin PBXNativeTarget section */
		76EE47381F569EC10054271E /* sdwx-pc-js */ = {
			isa = PBXNativeTarget;
			buildConfigurationList = 76EE47401F569EC10054271E /* Build configuration list for PBXNativeTarget "sdwx-pc-js" */;
			buildPhases = (
				76EE47351F569EC10054271E /* Sources */,
				76EE47361F569EC10054271E /* Frameworks */,
				76EE47371F569EC10054271E /* CopyFiles */,
			);
			buildRules = (
			);
			dependencies = (
			);
			name = "sdwx-pc-js";
			productName = "sdwx-pc-js";
			productReference = 76EE47391F569EC10054271E /* sdwx-pc-js */;
			productType = "com.apple.product-type.tool";
		};
/* End PBXNativeTarget section */

/* Begin PBXProject section */
		76EE47311F569EC10054271E /* Project object */ = {
			isa = PBXProject;
			attributes = {
				LastUpgradeCheck = 0830;
				ORGANIZATIONNAME = SDJG;
				TargetAttributes = {
					76EE47381F569EC10054271E = {
						CreatedOnToolsVersion = 8.3.2;
						DevelopmentTeam = VMTN98C772;
						ProvisioningStyle = Automatic;
					};
				};
			};
			buildConfigurationList = 76EE47341F569EC10054271E /* Build configuration list for PBXProject "sdwx-pc-js" */;
			compatibilityVersion = "Xcode 3.2";
			developmentRegion = English;
			hasScannedForEncodings = 0;
			knownRegions = (
				en,
			);
			mainGroup = 76EE47301F569EC10054271E;
			productRefGroup = 76EE473A1F569EC10054271E /* Products */;
			projectDirPath = "";
			projectRoot = "";
			targets = (
				76EE47381F569EC10054271E /* sdwx-pc-js */,
			);
		};
/* End PBXProject section */

/* Begin PBXSourcesBuildPhase section */
		76EE47351F569EC10054271E /* Sources */ = {
			isa = PBXSourcesBuildPhase;
			buildActionMask = 2147483647;
			files = (
				76EE473D1F569EC10054271E /* main.m in Sources */,
			);
			runOnlyForDeploymentPostprocessing = 0;
		};
/* End PBXSourcesBuildPhase section */

/* Begin XCBuildConfiguration section */
		76EE473E1F569EC10054271E /* Debug */ = {
			isa = XCBuildConfiguration;
			buildSettings = {
				ALWAYS_SEARCH_USER_PATHS = NO;
				CLANG_ANALYZER_NONNULL = YES;
				CLANG_ANALYZER_NUMBER_OBJECT_CONVERSION = YES_AGGRESSIVE;
				CLANG_CXX_LANGUAGE_STANDARD = "gnu++0x";
				CLANG_CXX_LIBRARY = "libc++";
				CLANG_ENABLE_MODULES = YES;
				CLANG_ENABLE_OBJC_ARC = YES;
				CLANG_WARN_BOOL_CONVERSION = YES;
				CLANG_WARN_CONSTANT_CONVERSION = YES;
				CLANG_WARN_DIRECT_OBJC_ISA_USAGE = YES_ERROR;
				CLANG_WARN_DOCUMENTATION_COMMENTS = YES;
				CLANG_WARN_EMPTY_BODY = YES;
				CLANG_WARN_ENUM_CONVERSION = YES;
				CLANG_WARN_INFINITE_RECURSION = YES;
				CLANG_WARN_INT_CONVERSION = YES;
				CLANG_WARN_OBJC_ROOT_CLASS = YES_ERROR;
				CLANG_WARN_SUSPICIOUS_MOVE = YES;
				CLANG_WARN_UNREACHABLE_CODE = YES;
				CLANG_WARN__DUPLICATE_METHOD_MATCH = YES;
				CODE_SIGN_IDENTITY = "-";
				COPY_PHASE_STRIP = NO;
				DEBUG_INFORMATION_FORMAT = dwarf;
				ENABLE_STRICT_OBJC_MSGSEND = YES;
				ENABLE_TESTABILITY = YES;
				GCC_C_LANGUAGE_STANDARD = gnu99;
				GCC_DYNAMIC_NO_PIC = NO;
				GCC_NO_COMMON_BLOCKS = YES;
				GCC_OPTIMIZATION_LEVEL = 0;
				GCC_PREPROCESSOR_DEFINITIONS = (
					"DEBUG=1",
					"$(inherited)",
				);
				GCC_WARN_64_TO_32_BIT_CONVERSION = YES;
				GCC_WARN_ABOUT_RETURN_TYPE = YES_ERROR;
				GCC_WARN_UNDECLARED_SELECTOR = YES;
				GCC_WARN_UNINITIALIZED_AUTOS = YES_AGGRESSIVE;
				GCC_WARN_UNUSED_FUNCTION = YES;
				GCC_WARN_UNUSED_VARIABLE = YES;
				MACOSX_DEPLOYMENT_TARGET = 10.12;
				MTL_ENABLE_DEBUG_INFO = YES;
				ONLY_ACTIVE_ARCH = YES;
				SDKROOT = macosx;
			};
			name = Debug;
		};
		76EE473F1F569EC10054271E /* Release */ = {
			isa = XCBuildConfiguration;
			buildSettings = {
				ALWAYS_SEARCH_USER_PATHS = NO;
				CLANG_ANALYZER_NONNULL = YES;
				CLANG_ANALYZER_NUMBER_OBJECT_CONVERSION = YES_AGGRESSIVE;
				CLANG_CXX_LANGUAGE_STANDARD = "gnu++0x";
				CLANG_CXX_LIBRARY = "libc++";
				CLANG_ENABLE_MODULES = YES;
				CLANG_ENABLE_OBJC_ARC = YES;
				CLANG_WARN_BOOL_CONVERSION = YES;
				CLANG_WARN_CONSTANT_CONVERSION = YES;
				CLANG_WARN_DIRECT_OBJC_ISA_USAGE = YES_ERROR;
				CLANG_WARN_DOCUMENTATION_COMMENTS = YES;
				CLANG_WARN_EMPTY_BODY = YES;
				CLANG_WARN_ENUM_CONVERSION = YES;
				CLANG_WARN_INFINITE_RECURSION = YES;
				CLANG_WARN_INT_CONVERSION = YES;
				CLANG_WARN_OBJC_ROOT_CLASS = YES_ERROR;
				CLANG_WARN_SUSPICIOUS_MOVE = YES;
				CLANG_WARN_UNREACHABLE_CODE = YES;
				CLANG_WARN__DUPLICATE_METHOD_MATCH = YES;
				CODE_SIGN_IDENTITY = "-";
				COPY_PHASE_STRIP = NO;
				DEBUG_INFORMATION_FORMAT = "dwarf-with-dsym";
				ENABLE_NS_ASSERTIONS = NO;
				ENABLE_STRICT_OBJC_MSGSEND = YES;
				GCC_C_LANGUAGE_STANDARD = gnu99;
				GCC_NO_COMMON_BLOCKS = YES;
				GCC_WARN_64_TO_32_BIT_CONVERSION = YES;
				GCC_WARN_ABOUT_RETURN_TYPE = YES_ERROR;
				GCC_WARN_UNDECLARED_SELECTOR = YES;
				GCC_WARN_UNINITIALIZED_AUTOS = YES_AGGRESSIVE;
				GCC_WARN_UNUSED_FUNCTION = YES;
				GCC_WARN_UNUSED_VARIABLE = YES;
				MACOSX_DEPLOYMENT_TARGET = 10.12;
				MTL_ENABLE_DEBUG_INFO = NO;
				SDKROOT = macosx;
			};
			name = Release;
		};
		76EE47411F569EC10054271E /* Debug */ = {
			isa = XCBuildConfiguration;
			buildSettings = {
				CONFIGURATION_BUILD_DIR = "./sdwx-pc-js";
				DEVELOPMENT_TEAM = VMTN98C772;
				PRODUCT_NAME = "$(TARGET_NAME)";
			};
			name = Debug;
		};
		76EE47421F569EC10054271E /* Release */ = {
			isa = XCBuildConfiguration;
			buildSettings = {
				CONFIGURATION_BUILD_DIR = "./sdwx-pc-js";
				DEVELOPMENT_TEAM = VMTN98C772;
				PRODUCT_NAME = "$(TARGET_NAME)";
			};
			name = Release;
		};
/* End XCBuildConfiguration section */

/* Begin XCConfigurationList section */
		76EE47341F569EC10054271E /* Build configuration list for PBXProject "sdwx-pc-js" */ = {
			isa = XCConfigurationList;
			buildConfigurations = (
				76EE473E1F569EC10054271E /* Debug */,
				76EE473F1F569EC10054271E /* Release */,
			);
			defaultConfigurationIsVisible = 0;
			defaultConfigurationName = Release;
		};
		76EE47401F569EC10054271E /* Build configuration list for PBXNativeTarget "sdwx-pc-js" */ = {
			isa = XCConfigurationList;
			buildConfigurations = (
				76EE47411F569EC10054271E /* Debug */,
				76EE47421F569EC10054271E /* Release */,
			);
			defaultConfigurationIsVisible = 0;
		};
/* End XCConfigurationList section */
	};
	rootObject = 76EE47311F569EC10054271E /* Project object */;
}
